
Microsoft Visual Studio Solution File, Format Version 12.00
# Visual Studio Version 17
VisualStudioVersion = 17.2.32602.215
MinimumVisualStudioVersion = 10.0.40219.1
Project("{FAE04EC0-301F-11D3-BF4B-00C04F79EFBC}") = "MYoriginalappNo01", "MYoriginalappNo01\MYoriginalappNo01.csproj", "{273443AB-DB3F-48A0-8F1B-64D9A6E62774}"
EndProject
Global
	GlobalSection(SolutionConfigurationPlatforms) = preSolution
		Debug|Any CPU = Debug|Any CPU
		Release|Any CPU = Release|Any CPU
	EndGlobalSection
	GlobalSection(ProjectConfigurationPlatforms) = postSolution
		{273443AB-DB3F-48A0-8F1B-64D9A6E62774}.Debug|Any CPU.ActiveCfg = Debug|Any CPU
		{273443AB-DB3F-48A0-8F1B-64D9A6E62774}.Debug|Any CPU.Build.0 = Debug|Any CPU
		{273443AB-DB3F-48A0-8F1B-64D9A6E62774}.Release|Any CPU.ActiveCfg = Release|Any CPU
		{273443AB-DB3F-48A0-8F1B-64D9A6E62774}.Release|Any CPU.Build.0 = Release|Any CPU
	EndGlobalSection
	GlobalSection(SolutionProperties) = preSolution
		HideSolutionNode = FALSE
	EndGlobalSection
	GlobalSection(ExtensibilityGlobals) = postSolution
		SolutionGuid = {92EAC7ED-9B45-4A67-AFEA-EBD2F87A5C97}
	EndGlobalSection
EndGlobal
